{
  "name": "trip-planner-main",
  "version": "1.0.0",
  "lockfileVersion": 3,
  "requires": true,
  "packages": {
    "": {
      "name": "trip-planner-main",
      "version": "1.0.0",
      "license": "ISC",
      "dependencies": {
        "trip-planner-main": "file:"
      }
    },
    "node_modules/trip-planner-main": {
      "resolved": "",
      "link": true
    }
  }
}
